# This file is automatically @generated by Cargo.
# It is not intended for manual editing.
[[package]]
name = "pinyin"
version = "0.7.0"
source = "registry+https://github.com/rust-lang/crates.io-index"
checksum = "7a70562daa2fe843bd56e87d6cf509fac3281fd1d3f06e11047a19686c425a8c"

[[package]]
name = "pinyin-tool"
version = "0.1.0"
dependencies = [
 "pinyin",
 "unicode-segmentation",
]

[[package]]
name = "unicode-segmentation"
version = "1.6.0"
source = "registry+https://github.com/rust-lang/crates.io-index"
checksum = "e83e153d1053cbb5a118eeff7fd5be06ed99153f00dbcd8ae310c5fb2b22edc0"
